
Microsoft Visual Studio Solution File, Format Version 12.00
# Visual Studio Version 17
VisualStudioVersion = 17.4.33205.214
MinimumVisualStudioVersion = 10.0.40219.1
Project("{2150E333-8FDC-42A3-9474-1A3956D46DE8}") = "04-EndPoints", "04-EndPoints", "{9A4D9497-5B8A-4120-A0E6-48A4CC295610}"
EndProject
Project("{2150E333-8FDC-42A3-9474-1A3956D46DE8}") = "03-Infrastructure", "03-Infrastructure", "{2E908D7F-B838-4119-8587-E4DC276625DD}"
EndProject
Project("{2150E333-8FDC-42A3-9474-1A3956D46DE8}") = "01-Domain", "01-Domain", "{125F0354-5210-45BD-8C6F-9CBEC4BA126C}"
EndProject
Project("{2150E333-8FDC-42A3-9474-1A3956D46DE8}") = "02-Application", "02-Application", "{6B8EACC5-F718-4C4F-BC18-C95E2A85229B}"
EndProject
Project("{9A19103F-16F7-4668-BE54-9A1E7A4F7556}") = "Marketplace", "04-EndPoints\Marketplace\Marketplace.csproj", "{A0C60E21-642A-4AE2-9D6B-9E7C288CC31F}"
EndProject
Project("{9A19103F-16F7-4668-BE54-9A1E7A4F7556}") = "Marketplace.Domain", "01-Domain\Marketplace.Domain\Marketplace.Domain.csproj", "{FE9A9F81-1EA5-4A3B-8E44-FC2F25715F83}"
EndProject
Project("{9A19103F-16F7-4668-BE54-9A1E7A4F7556}") = "Marketplace.Domain.Tests", "01-Domain\Marketplace.Domain.Tests\Marketplace.Domain.Tests.csproj", "{60091B4A-0E37-40ED-870D-DAFC1B56CA44}"
EndProject
Project("{9A19103F-16F7-4668-BE54-9A1E7A4F7556}") = "Marketplace.Application", "02-Application\Marketplace.Application\Marketplace.Application.csproj", "{E06026B3-75C8-4985-BDFF-FA7C1B3984A6}"
EndProject
Project("{9A19103F-16F7-4668-BE54-9A1E7A4F7556}") = "Marketplace.Application.Contracts", "02-Application\Marketplace.Application.Contracts\Marketplace.Application.Contracts.csproj", "{69C3A4DA-0231-463E-8264-1D2178A46074}"
EndProject
Project("{9A19103F-16F7-4668-BE54-9A1E7A4F7556}") = "Marketplace.Application.Tests", "02-Application\Marketplace.Application.Tests\Marketplace.Application.Tests.csproj", "{BC300D6C-6A1A-4CFD-9D31-757F0DE13B14}"
EndProject
Project("{E53339B2-1760-4266-BCC7-CA923CBCF16C}") = "docker-compose", "docker-compose.dcproj", "{5939F889-2A4A-403A-BD2E-44D24762A1A5}"
EndProject
Project("{2150E333-8FDC-42A3-9474-1A3956D46DE8}") = "Persistence", "Persistence", "{2938166A-2686-44B7-AA75-637179C22856}"
EndProject
Project("{2150E333-8FDC-42A3-9474-1A3956D46DE8}") = "Query", "Query", "{D7F33799-15A4-4A28-B372-2AB8EA643A6E}"
EndProject
Project("{2150E333-8FDC-42A3-9474-1A3956D46DE8}") = "Mediator", "Mediator", "{4607B278-0C0D-403E-AF06-E82B103F4F5C}"
EndProject
Project("{9A19103F-16F7-4668-BE54-9A1E7A4F7556}") = "Marketplace.Persistence.RavenDB", "03-Infrastructure\Persistence\Marketplace.Persistence.RavenDB\Marketplace.Persistence.RavenDB.csproj", "{7D6CC32E-66E4-4CC7-849C-297E9566C2FF}"
EndProject
Project("{9A19103F-16F7-4668-BE54-9A1E7A4F7556}") = "Marketplace.Persistence.EF", "03-Infrastructure\Persistence\Marketplace.Persistence.EF\Marketplace.Persistence.EF.csproj", "{C27BA2DE-1765-4C4D-B9B8-620266FF8C5B}"
EndProject
Project("{9A19103F-16F7-4668-BE54-9A1E7A4F7556}") = "Marketplace.Queries.Contracts", "03-Infrastructure\Query\Marketplace.Queries.Contracts\Marketplace.Queries.Contracts.csproj", "{846E3CAB-7578-4945-9E46-E8A6F3714A7C}"
EndProject
Project("{9A19103F-16F7-4668-BE54-9A1E7A4F7556}") = "Marketplace.Queries.EF", "03-Infrastructure\Query\Marketplace.Queries.EF\Marketplace.Queries.EF.csproj", "{D3B71A07-B00C-4588-B6B9-80EE34D1F367}"
EndProject
Project("{9A19103F-16F7-4668-BE54-9A1E7A4F7556}") = "Marketplace.Queries.RavenDB", "03-Infrastructure\Query\Marketplace.Queries.RavenDB\Marketplace.Queries.RavenDB.csproj", "{7BC09513-2D64-497F-BB03-232424E0DB1F}"
EndProject
Project("{9A19103F-16F7-4668-BE54-9A1E7A4F7556}") = "Marketplace.Domain.SeedWork", "01-Domain\Marketplace.Domain.SeedWork\Marketplace.Domain.SeedWork.csproj", "{BC313E46-5783-42E9-BDD2-D8445BFEB336}"
EndProject
Project("{2150E333-8FDC-42A3-9474-1A3956D46DE8}") = "Streaming", "Streaming", "{4B0992D9-9CFD-4AC9-8822-E3EF5631CE2E}"
EndProject
Project("{9A19103F-16F7-4668-BE54-9A1E7A4F7556}") = "Marketplace.Streaming.EventStore", "03-Infrastructure\Streaming\Marketplace.Streaming.EventStore\Marketplace.Streaming.EventStore.csproj", "{4D525664-7473-49B8-A964-93B953AB6DBB}"
EndProject
Project("{9A19103F-16F7-4668-BE54-9A1E7A4F7556}") = "Marketplace.Mediator.MediatR", "03-Infrastructure\Mediator\Marketplace.Mediator.MediatR\Marketplace.Mediator.MediatR.csproj", "{3870FD54-DD0F-48BE-94DB-4D6419C56745}"
EndProject
Project("{9A19103F-16F7-4668-BE54-9A1E7A4F7556}") = "Marketplace.Application.SeedWork", "02-Application\Marketplace.Application.SeedWork\Marketplace.Application.SeedWork.csproj", "{280433A7-09EC-4D6F-9F03-CA101B9CCE98}"
EndProject
Global
	GlobalSection(SolutionConfigurationPlatforms) = preSolution
		Debug|Any CPU = Debug|Any CPU
		Release|Any CPU = Release|Any CPU
	EndGlobalSection
	GlobalSection(ProjectConfigurationPlatforms) = postSolution
		{A0C60E21-642A-4AE2-9D6B-9E7C288CC31F}.Debug|Any CPU.ActiveCfg = Debug|Any CPU
		{A0C60E21-642A-4AE2-9D6B-9E7C288CC31F}.Debug|Any CPU.Build.0 = Debug|Any CPU
		{A0C60E21-642A-4AE2-9D6B-9E7C288CC31F}.Release|Any CPU.ActiveCfg = Release|Any CPU
		{A0C60E21-642A-4AE2-9D6B-9E7C288CC31F}.Release|Any CPU.Build.0 = Release|Any CPU
		{FE9A9F81-1EA5-4A3B-8E44-FC2F25715F83}.Debug|Any CPU.ActiveCfg = Debug|Any CPU
		{FE9A9F81-1EA5-4A3B-8E44-FC2F25715F83}.Debug|Any CPU.Build.0 = Debug|Any CPU
		{FE9A9F81-1EA5-4A3B-8E44-FC2F25715F83}.Release|Any CPU.ActiveCfg = Release|Any CPU
		{FE9A9F81-1EA5-4A3B-8E44-FC2F25715F83}.Release|Any CPU.Build.0 = Release|Any CPU
		{60091B4A-0E37-40ED-870D-DAFC1B56CA44}.Debug|Any CPU.ActiveCfg = Debug|Any CPU
		{60091B4A-0E37-40ED-870D-DAFC1B56CA44}.Debug|Any CPU.Build.0 = Debug|Any CPU
		{60091B4A-0E37-40ED-870D-DAFC1B56CA44}.Release|Any CPU.ActiveCfg = Release|Any CPU
		{60091B4A-0E37-40ED-870D-DAFC1B56CA44}.Release|Any CPU.Build.0 = Release|Any CPU
		{E06026B3-75C8-4985-BDFF-FA7C1B3984A6}.Debug|Any CPU.ActiveCfg = Debug|Any CPU
		{E06026B3-75C8-4985-BDFF-FA7C1B3984A6}.Debug|Any CPU.Build.0 = Debug|Any CPU
		{E06026B3-75C8-4985-BDFF-FA7C1B3984A6}.Release|Any CPU.ActiveCfg = Release|Any CPU
		{E06026B3-75C8-4985-BDFF-FA7C1B3984A6}.Release|Any CPU.Build.0 = Release|Any CPU
		{69C3A4DA-0231-463E-8264-1D2178A46074}.Debug|Any CPU.ActiveCfg = Debug|Any CPU
		{69C3A4DA-0231-463E-8264-1D2178A46074}.Debug|Any CPU.Build.0 = Debug|Any CPU
		{69C3A4DA-0231-463E-8264-1D2178A46074}.Release|Any CPU.ActiveCfg = Release|Any CPU
		{69C3A4DA-0231-463E-8264-1D2178A46074}.Release|Any CPU.Build.0 = Release|Any CPU
		{BC300D6C-6A1A-4CFD-9D31-757F0DE13B14}.Debug|Any CPU.ActiveCfg = Debug|Any CPU
		{BC300D6C-6A1A-4CFD-9D31-757F0DE13B14}.Debug|Any CPU.Build.0 = Debug|Any CPU
		{BC300D6C-6A1A-4CFD-9D31-757F0DE13B14}.Release|Any CPU.ActiveCfg = Release|Any CPU
		{BC300D6C-6A1A-4CFD-9D31-757F0DE13B14}.Release|Any CPU.Build.0 = Release|Any CPU
		{5939F889-2A4A-403A-BD2E-44D24762A1A5}.Debug|Any CPU.ActiveCfg = Debug|Any CPU
		{5939F889-2A4A-403A-BD2E-44D24762A1A5}.Debug|Any CPU.Build.0 = Debug|Any CPU
		{5939F889-2A4A-403A-BD2E-44D24762A1A5}.Release|Any CPU.ActiveCfg = Release|Any CPU
		{5939F889-2A4A-403A-BD2E-44D24762A1A5}.Release|Any CPU.Build.0 = Release|Any CPU
		{7D6CC32E-66E4-4CC7-849C-297E9566C2FF}.Debug|Any CPU.ActiveCfg = Debug|Any CPU
		{7D6CC32E-66E4-4CC7-849C-297E9566C2FF}.Debug|Any CPU.Build.0 = Debug|Any CPU
		{7D6CC32E-66E4-4CC7-849C-297E9566C2FF}.Release|Any CPU.ActiveCfg = Release|Any CPU
		{7D6CC32E-66E4-4CC7-849C-297E9566C2FF}.Release|Any CPU.Build.0 = Release|Any CPU
		{C27BA2DE-1765-4C4D-B9B8-620266FF8C5B}.Debug|Any CPU.ActiveCfg = Debug|Any CPU
		{C27BA2DE-1765-4C4D-B9B8-620266FF8C5B}.Debug|Any CPU.Build.0 = Debug|Any CPU
		{C27BA2DE-1765-4C4D-B9B8-620266FF8C5B}.Release|Any CPU.ActiveCfg = Release|Any CPU
		{C27BA2DE-1765-4C4D-B9B8-620266FF8C5B}.Release|Any CPU.Build.0 = Release|Any CPU
		{846E3CAB-7578-4945-9E46-E8A6F3714A7C}.Debug|Any CPU.ActiveCfg = Debug|Any CPU
		{846E3CAB-7578-4945-9E46-E8A6F3714A7C}.Debug|Any CPU.Build.0 = Debug|Any CPU
		{846E3CAB-7578-4945-9E46-E8A6F3714A7C}.Release|Any CPU.ActiveCfg = Release|Any CPU
		{846E3CAB-7578-4945-9E46-E8A6F3714A7C}.Release|Any CPU.Build.0 = Release|Any CPU
		{D3B71A07-B00C-4588-B6B9-80EE34D1F367}.Debug|Any CPU.ActiveCfg = Debug|Any CPU
		{D3B71A07-B00C-4588-B6B9-80EE34D1F367}.Debug|Any CPU.Build.0 = Debug|Any CPU
		{D3B71A07-B00C-4588-B6B9-80EE34D1F367}.Release|Any CPU.ActiveCfg = Release|Any CPU
		{D3B71A07-B00C-4588-B6B9-80EE34D1F367}.Release|Any CPU.Build.0 = Release|Any CPU
		{7BC09513-2D64-497F-BB03-232424E0DB1F}.Debug|Any CPU.ActiveCfg = Debug|Any CPU
		{7BC09513-2D64-497F-BB03-232424E0DB1F}.Debug|Any CPU.Build.0 = Debug|Any CPU
		{7BC09513-2D64-497F-BB03-232424E0DB1F}.Release|Any CPU.ActiveCfg = Release|Any CPU
		{7BC09513-2D64-497F-BB03-232424E0DB1F}.Release|Any CPU.Build.0 = Release|Any CPU
		{BC313E46-5783-42E9-BDD2-D8445BFEB336}.Debug|Any CPU.ActiveCfg = Debug|Any CPU
		{BC313E46-5783-42E9-BDD2-D8445BFEB336}.Debug|Any CPU.Build.0 = Debug|Any CPU
		{BC313E46-5783-42E9-BDD2-D8445BFEB336}.Release|Any CPU.ActiveCfg = Release|Any CPU
		{BC313E46-5783-42E9-BDD2-D8445BFEB336}.Release|Any CPU.Build.0 = Release|Any CPU
		{4D525664-7473-49B8-A964-93B953AB6DBB}.Debug|Any CPU.ActiveCfg = Debug|Any CPU
		{4D525664-7473-49B8-A964-93B953AB6DBB}.Debug|Any CPU.Build.0 = Debug|Any CPU
		{4D525664-7473-49B8-A964-93B953AB6DBB}.Release|Any CPU.ActiveCfg = Release|Any CPU
		{4D525664-7473-49B8-A964-93B953AB6DBB}.Release|Any CPU.Build.0 = Release|Any CPU
		{3870FD54-DD0F-48BE-94DB-4D6419C56745}.Debug|Any CPU.ActiveCfg = Debug|Any CPU
		{3870FD54-DD0F-48BE-94DB-4D6419C56745}.Debug|Any CPU.Build.0 = Debug|Any CPU
		{3870FD54-DD0F-48BE-94DB-4D6419C56745}.Release|Any CPU.ActiveCfg = Release|Any CPU
		{3870FD54-DD0F-48BE-94DB-4D6419C56745}.Release|Any CPU.Build.0 = Release|Any CPU
		{280433A7-09EC-4D6F-9F03-CA101B9CCE98}.Debug|Any CPU.ActiveCfg = Debug|Any CPU
		{280433A7-09EC-4D6F-9F03-CA101B9CCE98}.Debug|Any CPU.Build.0 = Debug|Any CPU
		{280433A7-09EC-4D6F-9F03-CA101B9CCE98}.Release|Any CPU.ActiveCfg = Release|Any CPU
		{280433A7-09EC-4D6F-9F03-CA101B9CCE98}.Release|Any CPU.Build.0 = Release|Any CPU
	EndGlobalSection
	GlobalSection(SolutionProperties) = preSolution
		HideSolutionNode = FALSE
	EndGlobalSection
	GlobalSection(NestedProjects) = preSolution
		{A0C60E21-642A-4AE2-9D6B-9E7C288CC31F} = {9A4D9497-5B8A-4120-A0E6-48A4CC295610}
		{FE9A9F81-1EA5-4A3B-8E44-FC2F25715F83} = {125F0354-5210-45BD-8C6F-9CBEC4BA126C}
		{60091B4A-0E37-40ED-870D-DAFC1B56CA44} = {125F0354-5210-45BD-8C6F-9CBEC4BA126C}
		{E06026B3-75C8-4985-BDFF-FA7C1B3984A6} = {6B8EACC5-F718-4C4F-BC18-C95E2A85229B}
		{69C3A4DA-0231-463E-8264-1D2178A46074} = {6B8EACC5-F718-4C4F-BC18-C95E2A85229B}
		{BC300D6C-6A1A-4CFD-9D31-757F0DE13B14} = {6B8EACC5-F718-4C4F-BC18-C95E2A85229B}
		{2938166A-2686-44B7-AA75-637179C22856} = {2E908D7F-B838-4119-8587-E4DC276625DD}
		{D7F33799-15A4-4A28-B372-2AB8EA643A6E} = {2E908D7F-B838-4119-8587-E4DC276625DD}
		{4607B278-0C0D-403E-AF06-E82B103F4F5C} = {2E908D7F-B838-4119-8587-E4DC276625DD}
		{7D6CC32E-66E4-4CC7-849C-297E9566C2FF} = {2938166A-2686-44B7-AA75-637179C22856}
		{C27BA2DE-1765-4C4D-B9B8-620266FF8C5B} = {2938166A-2686-44B7-AA75-637179C22856}
		{846E3CAB-7578-4945-9E46-E8A6F3714A7C} = {D7F33799-15A4-4A28-B372-2AB8EA643A6E}
		{D3B71A07-B00C-4588-B6B9-80EE34D1F367} = {D7F33799-15A4-4A28-B372-2AB8EA643A6E}
		{7BC09513-2D64-497F-BB03-232424E0DB1F} = {D7F33799-15A4-4A28-B372-2AB8EA643A6E}
		{BC313E46-5783-42E9-BDD2-D8445BFEB336} = {125F0354-5210-45BD-8C6F-9CBEC4BA126C}
		{4B0992D9-9CFD-4AC9-8822-E3EF5631CE2E} = {2E908D7F-B838-4119-8587-E4DC276625DD}
		{4D525664-7473-49B8-A964-93B953AB6DBB} = {4B0992D9-9CFD-4AC9-8822-E3EF5631CE2E}
		{3870FD54-DD0F-48BE-94DB-4D6419C56745} = {4607B278-0C0D-403E-AF06-E82B103F4F5C}
		{280433A7-09EC-4D6F-9F03-CA101B9CCE98} = {6B8EACC5-F718-4C4F-BC18-C95E2A85229B}
	EndGlobalSection
	GlobalSection(ExtensibilityGlobals) = postSolution
		SolutionGuid = {3AB58BEE-655E-4F39-A64F-1BE735BFB935}
	EndGlobalSection
EndGlobal
