
Microsoft Visual Studio Solution File, Format Version 12.00
# Visual Studio Version 17
VisualStudioVersion = 17.4.33205.214
MinimumVisualStudioVersion = 10.0.40219.1
Project("{2150E333-8FDC-42A3-9474-1A3956D46DE8}") = "04-EndPoints", "04-EndPoints", "{9A4D9497-5B8A-4120-A0E6-48A4CC295610}"
EndProject
Project("{2150E333-8FDC-42A3-9474-1A3956D46DE8}") = "03-Infrastructure", "03-Infrastructure", "{2E908D7F-B838-4119-8587-E4DC276625DD}"
EndProject
Project("{2150E333-8FDC-42A3-9474-1A3956D46DE8}") = "01-Domain", "01-Domain", "{125F0354-5210-45BD-8C6F-9CBEC4BA126C}"
EndProject
Project("{2150E333-8FDC-42A3-9474-1A3956D46DE8}") = "02-Application", "02-Application", "{6B8EACC5-F718-4C4F-BC18-C95E2A85229B}"
EndProject
Project("{9A19103F-16F7-4668-BE54-9A1E7A4F7556}") = "Marketplace", "04-EndPoints\Marketplace\Marketplace.csproj", "{A0C60E21-642A-4AE2-9D6B-9E7C288CC31F}"
EndProject
Project("{9A19103F-16F7-4668-BE54-9A1E7A4F7556}") = "Marketplace.Domain", "01-Domain\Marketplace.Domain\Marketplace.Domain.csproj", "{FE9A9F81-1EA5-4A3B-8E44-FC2F25715F83}"
EndProject
Project("{9A19103F-16F7-4668-BE54-9A1E7A4F7556}") = "Marketplace.Domain.Tests", "01-Domain\Marketplace.Domain.Tests\Marketplace.Domain.Tests.csproj", "{60091B4A-0E37-40ED-870D-DAFC1B56CA44}"
EndProject
Project("{9A19103F-16F7-4668-BE54-9A1E7A4F7556}") = "Marketplace.Application", "02-Application\Marketplace.Application\Marketplace.Application.csproj", "{E06026B3-75C8-4985-BDFF-FA7C1B3984A6}"
EndProject
Project("{9A19103F-16F7-4668-BE54-9A1E7A4F7556}") = "Marketplace.Application.Contracts", "02-Application\Marketplace.Application.Contracts\Marketplace.Application.Contracts.csproj", "{69C3A4DA-0231-463E-8264-1D2178A46074}"
EndProject
Project("{9A19103F-16F7-4668-BE54-9A1E7A4F7556}") = "Marketplace.Application.Tests", "02-Application\Marketplace.Application.Tests\Marketplace.Application.Tests.csproj", "{BC300D6C-6A1A-4CFD-9D31-757F0DE13B14}"
EndProject
Project("{9A19103F-16F7-4668-BE54-9A1E7A4F7556}") = "Marketplace.Persistence.RavenDB", "03-Infrastructure\Marketplace.Persistence.RavenDB\Marketplace.Persistence.RavenDB.csproj", "{7ECF1F37-F4D4-4316-A18F-F74C50DC4D9A}"
EndProject
Project("{E53339B2-1760-4266-BCC7-CA923CBCF16C}") = "docker-compose", "docker-compose.dcproj", "{5939F889-2A4A-403A-BD2E-44D24762A1A5}"
EndProject
Project("{9A19103F-16F7-4668-BE54-9A1E7A4F7556}") = "Marketplace.Persistence.EF", "03-Infrastructure\Marketplace.Persistence.EF\Marketplace.Persistence.EF.csproj", "{F77CFB7B-3638-4AF0-90BB-B40439ACA253}"
EndProject
Project("{9A19103F-16F7-4668-BE54-9A1E7A4F7556}") = "Marketplace.Query.RavenDB", "03-Infrastructure\Marketplace.Query.RavenDB\Marketplace.Query.RavenDB.csproj", "{EC39C7A0-7C98-41FA-865E-C1B93990AB0F}"
EndProject
Project("{9A19103F-16F7-4668-BE54-9A1E7A4F7556}") = "Marketplace.Mediator", "03-Infrastructure\Marketplace.Mediator\Marketplace.Mediator.csproj", "{4BBD4C92-3706-43DA-86FE-19FB83908071}"
EndProject
Project("{9A19103F-16F7-4668-BE54-9A1E7A4F7556}") = "Marketplace.Application.Infrastructure", "02-Application\Marketplace.Application.Infrastructure\Marketplace.Application.Infrastructure.csproj", "{FBCD32D9-681C-4298-B274-8CEF5FA52055}"
EndProject
Project("{9A19103F-16F7-4668-BE54-9A1E7A4F7556}") = "Marketplace.Domain.Infrastructure", "01-Domain\Marketplace.Domain.Infrastructure\Marketplace.Domain.Infrastructure.csproj", "{99F4DB67-F0B3-4A03-831A-11F1848A5016}"
EndProject
Project("{FAE04EC0-301F-11D3-BF4B-00C04F79EFBC}") = "Marketplace.Query.EF", "03-Infrastructure\Marketplace.Query.EF\Marketplace.Query.EF.csproj", "{BCAD0CC7-6591-4A51-96F2-266F2C5E8E3E}"
EndProject
Project("{FAE04EC0-301F-11D3-BF4B-00C04F79EFBC}") = "Marketplace.Query", "03-Infrastructure\Marketplace.Query\Marketplace.Query.csproj", "{FFF84B5E-1340-439D-85FC-4131CC8940D4}"
EndProject
Global
	GlobalSection(SolutionConfigurationPlatforms) = preSolution
		Debug|Any CPU = Debug|Any CPU
		Release|Any CPU = Release|Any CPU
	EndGlobalSection
	GlobalSection(ProjectConfigurationPlatforms) = postSolution
		{A0C60E21-642A-4AE2-9D6B-9E7C288CC31F}.Debug|Any CPU.ActiveCfg = Debug|Any CPU
		{A0C60E21-642A-4AE2-9D6B-9E7C288CC31F}.Debug|Any CPU.Build.0 = Debug|Any CPU
		{A0C60E21-642A-4AE2-9D6B-9E7C288CC31F}.Release|Any CPU.ActiveCfg = Release|Any CPU
		{A0C60E21-642A-4AE2-9D6B-9E7C288CC31F}.Release|Any CPU.Build.0 = Release|Any CPU
		{FE9A9F81-1EA5-4A3B-8E44-FC2F25715F83}.Debug|Any CPU.ActiveCfg = Debug|Any CPU
		{FE9A9F81-1EA5-4A3B-8E44-FC2F25715F83}.Debug|Any CPU.Build.0 = Debug|Any CPU
		{FE9A9F81-1EA5-4A3B-8E44-FC2F25715F83}.Release|Any CPU.ActiveCfg = Release|Any CPU
		{FE9A9F81-1EA5-4A3B-8E44-FC2F25715F83}.Release|Any CPU.Build.0 = Release|Any CPU
		{60091B4A-0E37-40ED-870D-DAFC1B56CA44}.Debug|Any CPU.ActiveCfg = Debug|Any CPU
		{60091B4A-0E37-40ED-870D-DAFC1B56CA44}.Debug|Any CPU.Build.0 = Debug|Any CPU
		{60091B4A-0E37-40ED-870D-DAFC1B56CA44}.Release|Any CPU.ActiveCfg = Release|Any CPU
		{60091B4A-0E37-40ED-870D-DAFC1B56CA44}.Release|Any CPU.Build.0 = Release|Any CPU
		{E06026B3-75C8-4985-BDFF-FA7C1B3984A6}.Debug|Any CPU.ActiveCfg = Debug|Any CPU
		{E06026B3-75C8-4985-BDFF-FA7C1B3984A6}.Debug|Any CPU.Build.0 = Debug|Any CPU
		{E06026B3-75C8-4985-BDFF-FA7C1B3984A6}.Release|Any CPU.ActiveCfg = Release|Any CPU
		{E06026B3-75C8-4985-BDFF-FA7C1B3984A6}.Release|Any CPU.Build.0 = Release|Any CPU
		{69C3A4DA-0231-463E-8264-1D2178A46074}.Debug|Any CPU.ActiveCfg = Debug|Any CPU
		{69C3A4DA-0231-463E-8264-1D2178A46074}.Debug|Any CPU.Build.0 = Debug|Any CPU
		{69C3A4DA-0231-463E-8264-1D2178A46074}.Release|Any CPU.ActiveCfg = Release|Any CPU
		{69C3A4DA-0231-463E-8264-1D2178A46074}.Release|Any CPU.Build.0 = Release|Any CPU
		{BC300D6C-6A1A-4CFD-9D31-757F0DE13B14}.Debug|Any CPU.ActiveCfg = Debug|Any CPU
		{BC300D6C-6A1A-4CFD-9D31-757F0DE13B14}.Debug|Any CPU.Build.0 = Debug|Any CPU
		{BC300D6C-6A1A-4CFD-9D31-757F0DE13B14}.Release|Any CPU.ActiveCfg = Release|Any CPU
		{BC300D6C-6A1A-4CFD-9D31-757F0DE13B14}.Release|Any CPU.Build.0 = Release|Any CPU
		{7ECF1F37-F4D4-4316-A18F-F74C50DC4D9A}.Debug|Any CPU.ActiveCfg = Debug|Any CPU
		{7ECF1F37-F4D4-4316-A18F-F74C50DC4D9A}.Debug|Any CPU.Build.0 = Debug|Any CPU
		{7ECF1F37-F4D4-4316-A18F-F74C50DC4D9A}.Release|Any CPU.ActiveCfg = Release|Any CPU
		{7ECF1F37-F4D4-4316-A18F-F74C50DC4D9A}.Release|Any CPU.Build.0 = Release|Any CPU
		{5939F889-2A4A-403A-BD2E-44D24762A1A5}.Debug|Any CPU.ActiveCfg = Debug|Any CPU
		{5939F889-2A4A-403A-BD2E-44D24762A1A5}.Debug|Any CPU.Build.0 = Debug|Any CPU
		{5939F889-2A4A-403A-BD2E-44D24762A1A5}.Release|Any CPU.ActiveCfg = Release|Any CPU
		{5939F889-2A4A-403A-BD2E-44D24762A1A5}.Release|Any CPU.Build.0 = Release|Any CPU
		{F77CFB7B-3638-4AF0-90BB-B40439ACA253}.Debug|Any CPU.ActiveCfg = Debug|Any CPU
		{F77CFB7B-3638-4AF0-90BB-B40439ACA253}.Debug|Any CPU.Build.0 = Debug|Any CPU
		{F77CFB7B-3638-4AF0-90BB-B40439ACA253}.Release|Any CPU.ActiveCfg = Release|Any CPU
		{F77CFB7B-3638-4AF0-90BB-B40439ACA253}.Release|Any CPU.Build.0 = Release|Any CPU
		{EC39C7A0-7C98-41FA-865E-C1B93990AB0F}.Debug|Any CPU.ActiveCfg = Debug|Any CPU
		{EC39C7A0-7C98-41FA-865E-C1B93990AB0F}.Debug|Any CPU.Build.0 = Debug|Any CPU
		{EC39C7A0-7C98-41FA-865E-C1B93990AB0F}.Release|Any CPU.ActiveCfg = Release|Any CPU
		{EC39C7A0-7C98-41FA-865E-C1B93990AB0F}.Release|Any CPU.Build.0 = Release|Any CPU
		{4BBD4C92-3706-43DA-86FE-19FB83908071}.Debug|Any CPU.ActiveCfg = Debug|Any CPU
		{4BBD4C92-3706-43DA-86FE-19FB83908071}.Debug|Any CPU.Build.0 = Debug|Any CPU
		{4BBD4C92-3706-43DA-86FE-19FB83908071}.Release|Any CPU.ActiveCfg = Release|Any CPU
		{4BBD4C92-3706-43DA-86FE-19FB83908071}.Release|Any CPU.Build.0 = Release|Any CPU
		{FBCD32D9-681C-4298-B274-8CEF5FA52055}.Debug|Any CPU.ActiveCfg = Debug|Any CPU
		{FBCD32D9-681C-4298-B274-8CEF5FA52055}.Debug|Any CPU.Build.0 = Debug|Any CPU
		{FBCD32D9-681C-4298-B274-8CEF5FA52055}.Release|Any CPU.ActiveCfg = Release|Any CPU
		{FBCD32D9-681C-4298-B274-8CEF5FA52055}.Release|Any CPU.Build.0 = Release|Any CPU
		{99F4DB67-F0B3-4A03-831A-11F1848A5016}.Debug|Any CPU.ActiveCfg = Debug|Any CPU
		{99F4DB67-F0B3-4A03-831A-11F1848A5016}.Debug|Any CPU.Build.0 = Debug|Any CPU
		{99F4DB67-F0B3-4A03-831A-11F1848A5016}.Release|Any CPU.ActiveCfg = Release|Any CPU
		{99F4DB67-F0B3-4A03-831A-11F1848A5016}.Release|Any CPU.Build.0 = Release|Any CPU
		{BCAD0CC7-6591-4A51-96F2-266F2C5E8E3E}.Debug|Any CPU.ActiveCfg = Debug|Any CPU
		{BCAD0CC7-6591-4A51-96F2-266F2C5E8E3E}.Debug|Any CPU.Build.0 = Debug|Any CPU
		{BCAD0CC7-6591-4A51-96F2-266F2C5E8E3E}.Release|Any CPU.ActiveCfg = Release|Any CPU
		{BCAD0CC7-6591-4A51-96F2-266F2C5E8E3E}.Release|Any CPU.Build.0 = Release|Any CPU
		{FFF84B5E-1340-439D-85FC-4131CC8940D4}.Debug|Any CPU.ActiveCfg = Debug|Any CPU
		{FFF84B5E-1340-439D-85FC-4131CC8940D4}.Debug|Any CPU.Build.0 = Debug|Any CPU
		{FFF84B5E-1340-439D-85FC-4131CC8940D4}.Release|Any CPU.ActiveCfg = Release|Any CPU
		{FFF84B5E-1340-439D-85FC-4131CC8940D4}.Release|Any CPU.Build.0 = Release|Any CPU
	EndGlobalSection
	GlobalSection(SolutionProperties) = preSolution
		HideSolutionNode = FALSE
	EndGlobalSection
	GlobalSection(NestedProjects) = preSolution
		{A0C60E21-642A-4AE2-9D6B-9E7C288CC31F} = {9A4D9497-5B8A-4120-A0E6-48A4CC295610}
		{FE9A9F81-1EA5-4A3B-8E44-FC2F25715F83} = {125F0354-5210-45BD-8C6F-9CBEC4BA126C}
		{60091B4A-0E37-40ED-870D-DAFC1B56CA44} = {125F0354-5210-45BD-8C6F-9CBEC4BA126C}
		{E06026B3-75C8-4985-BDFF-FA7C1B3984A6} = {6B8EACC5-F718-4C4F-BC18-C95E2A85229B}
		{69C3A4DA-0231-463E-8264-1D2178A46074} = {6B8EACC5-F718-4C4F-BC18-C95E2A85229B}
		{BC300D6C-6A1A-4CFD-9D31-757F0DE13B14} = {6B8EACC5-F718-4C4F-BC18-C95E2A85229B}
		{7ECF1F37-F4D4-4316-A18F-F74C50DC4D9A} = {2E908D7F-B838-4119-8587-E4DC276625DD}
		{F77CFB7B-3638-4AF0-90BB-B40439ACA253} = {2E908D7F-B838-4119-8587-E4DC276625DD}
		{EC39C7A0-7C98-41FA-865E-C1B93990AB0F} = {2E908D7F-B838-4119-8587-E4DC276625DD}
		{4BBD4C92-3706-43DA-86FE-19FB83908071} = {2E908D7F-B838-4119-8587-E4DC276625DD}
		{FBCD32D9-681C-4298-B274-8CEF5FA52055} = {6B8EACC5-F718-4C4F-BC18-C95E2A85229B}
		{99F4DB67-F0B3-4A03-831A-11F1848A5016} = {125F0354-5210-45BD-8C6F-9CBEC4BA126C}
		{BCAD0CC7-6591-4A51-96F2-266F2C5E8E3E} = {2E908D7F-B838-4119-8587-E4DC276625DD}
		{FFF84B5E-1340-439D-85FC-4131CC8940D4} = {2E908D7F-B838-4119-8587-E4DC276625DD}
	EndGlobalSection
	GlobalSection(ExtensibilityGlobals) = postSolution
		SolutionGuid = {3AB58BEE-655E-4F39-A64F-1BE735BFB935}
	EndGlobalSection
EndGlobal
