
Microsoft Visual Studio Solution File, Format Version 12.00
# Visual Studio Version 17
VisualStudioVersion = 17.4.33205.214
MinimumVisualStudioVersion = 10.0.40219.1
Project("{2150E333-8FDC-42A3-9474-1A3956D46DE8}") = "05-Edge", "05-Edge", "{9A4D9497-5B8A-4120-A0E6-48A4CC295610}"
EndProject
Project("{2150E333-8FDC-42A3-9474-1A3956D46DE8}") = "03-Infrastructure", "03-Infrastructure", "{2E908D7F-B838-4119-8587-E4DC276625DD}"
EndProject
Project("{2150E333-8FDC-42A3-9474-1A3956D46DE8}") = "01-Domain", "01-Domain", "{125F0354-5210-45BD-8C6F-9CBEC4BA126C}"
EndProject
Project("{2150E333-8FDC-42A3-9474-1A3956D46DE8}") = "02-Application", "02-Application", "{6B8EACC5-F718-4C4F-BC18-C95E2A85229B}"
EndProject
Project("{2150E333-8FDC-42A3-9474-1A3956D46DE8}") = "04-Query", "04-Query", "{4AC11E27-BA64-4BD8-8C83-824D2142DDF3}"
EndProject
Project("{2150E333-8FDC-42A3-9474-1A3956D46DE8}") = "02-Marketplace", "02-Marketplace", "{CF92E5E3-BEC5-41A9-8309-A91A9C77198D}"
EndProject
Project("{2150E333-8FDC-42A3-9474-1A3956D46DE8}") = "01-Framework", "01-Framework", "{83D1EC44-9383-4BF7-A8FC-41940B53B1C8}"
EndProject
Project("{9A19103F-16F7-4668-BE54-9A1E7A4F7556}") = "Marketplace.Domain", "02-Marketplace\01-Domain\Marketplace.Domain\Marketplace.Domain.csproj", "{383FE1C5-ED9D-434B-8191-3C486D673A2B}"
EndProject
Project("{9A19103F-16F7-4668-BE54-9A1E7A4F7556}") = "Marketplace.Domain.Events", "02-Marketplace\01-Domain\Marketplace.Domain.Events\Marketplace.Domain.Events.csproj", "{6CF47C73-3E4E-46B5-B9FE-9447E06E1250}"
EndProject
Project("{9A19103F-16F7-4668-BE54-9A1E7A4F7556}") = "Marketplace.Domain.Tests", "02-Marketplace\01-Domain\Marketplace.Domain.Tests\Marketplace.Domain.Tests.csproj", "{84A83833-7AFB-48F1-A25B-44C552A1068A}"
EndProject
Project("{9A19103F-16F7-4668-BE54-9A1E7A4F7556}") = "Marketplace.Application", "02-Marketplace\02-Application\Marketplace.Application\Marketplace.Application.csproj", "{23588EB6-A3BF-4839-8D30-0B24C7677035}"
EndProject
Project("{9A19103F-16F7-4668-BE54-9A1E7A4F7556}") = "Marketplace.Application.Contracts", "02-Marketplace\02-Application\Marketplace.Application.Contracts\Marketplace.Application.Contracts.csproj", "{4D31A227-B18D-4B2E-AF71-F6E1141C7731}"
EndProject
Project("{9A19103F-16F7-4668-BE54-9A1E7A4F7556}") = "Marketplace.Application.Tests", "02-Marketplace\02-Application\Marketplace.Application.Tests\Marketplace.Application.Tests.csproj", "{DBC2AAF1-BBBB-4B02-8C3C-355D3840ABB6}"
EndProject
Project("{9A19103F-16F7-4668-BE54-9A1E7A4F7556}") = "Marketplace.Queries", "02-Marketplace\04-Query\Marketplace.Queries\Marketplace.Queries.csproj", "{B39872A2-AFFC-416D-8E6E-E4DC5589F76D}"
EndProject
Project("{9A19103F-16F7-4668-BE54-9A1E7A4F7556}") = "Marketplace.Queries.Contracts", "02-Marketplace\04-Query\Marketplace.Queries.Contracts\Marketplace.Queries.Contracts.csproj", "{7186A52E-C27D-48D3-8DAB-196BC84D449E}"
EndProject
Project("{E53339B2-1760-4266-BCC7-CA923CBCF16C}") = "docker-compose", "02-Marketplace\docker-compose.dcproj", "{5939F889-2A4A-403A-BD2E-44D24762A1A5}"
EndProject
Project("{9A19103F-16F7-4668-BE54-9A1E7A4F7556}") = "Marketplace.Persistence.MSSQL", "02-Marketplace\03-Infrastructure\Marketplace.Persistence.MSSQL\Marketplace.Persistence.MSSQL.csproj", "{AEC78DE5-10E5-4715-B0F6-F181FCFC3BE3}"
EndProject
Project("{9A19103F-16F7-4668-BE54-9A1E7A4F7556}") = "Marketplace.Persistence.RavenDB", "02-Marketplace\03-Infrastructure\Marketplace.Persistence.RavenDB\Marketplace.Persistence.RavenDB.csproj", "{6E1ABC47-EB7E-405D-ABA0-7F4D98128551}"
EndProject
Project("{2150E333-8FDC-42A3-9474-1A3956D46DE8}") = "01-Domain", "01-Domain", "{DE2CBC74-1876-4C7D-B5BE-8CB6810E6CF5}"
EndProject
Project("{2150E333-8FDC-42A3-9474-1A3956D46DE8}") = "03-Infrastructure", "03-Infrastructure", "{178840E5-8266-41CB-AB90-40EA9B0F3EAF}"
EndProject
Project("{2150E333-8FDC-42A3-9474-1A3956D46DE8}") = "BackgroundJob", "BackgroundJob", "{121F4B00-C4E5-4962-938E-C95ABF55C139}"
EndProject
Project("{2150E333-8FDC-42A3-9474-1A3956D46DE8}") = "Comparison", "Comparison", "{042FCFFC-E46E-4773-844C-BEBFFC7B4AB8}"
EndProject
Project("{2150E333-8FDC-42A3-9474-1A3956D46DE8}") = "06-Streaming", "06-Streaming", "{74FEB7CA-8B4B-4B64-B070-B3ABA82BE79F}"
EndProject
Project("{2150E333-8FDC-42A3-9474-1A3956D46DE8}") = "02-Application", "02-Application", "{F4572BFF-F99F-4735-851D-E20676C3B923}"
EndProject
Project("{9A19103F-16F7-4668-BE54-9A1E7A4F7556}") = "Framework.Domain", "01-Framework\01-Domain\Framework.Domain\Framework.Domain.csproj", "{C87F2F2A-DD3B-447B-934F-F7B57D2D6190}"
EndProject
Project("{9A19103F-16F7-4668-BE54-9A1E7A4F7556}") = "Framework.Application", "01-Framework\02-Application\Framework.Application\Framework.Application.csproj", "{0E437256-D1EE-42C9-8597-B03433F8DAB1}"
EndProject
Project("{9A19103F-16F7-4668-BE54-9A1E7A4F7556}") = "Framework.BackgroundJob.Hangfire.MSSQL", "01-Framework\03-Infrastructure\BackgroundJob\Framework.BackgroundJob.Hangfire.MSSQL\Framework.BackgroundJob.Hangfire.MSSQL.csproj", "{CECEA59E-54BA-4B2E-B453-BC6FC615DC6C}"
EndProject
Project("{9A19103F-16F7-4668-BE54-9A1E7A4F7556}") = "Framework.Comparison.CompareNetObjects", "01-Framework\03-Infrastructure\Comparison\Framework.Comparison.CompareNetObjects\Framework.Comparison.CompareNetObjects.csproj", "{41409DEC-8D94-46BA-844E-3EBD4207F1F4}"
EndProject
Project("{2150E333-8FDC-42A3-9474-1A3956D46DE8}") = "04-Query", "04-Query", "{8B233C2E-AC6C-45A5-925D-A36B6C014DE4}"
EndProject
Project("{9A19103F-16F7-4668-BE54-9A1E7A4F7556}") = "Framework.Query", "01-Framework\04-Query\Framework.Query\Framework.Query.csproj", "{89F4DE7E-7195-42AF-B74C-7CBB1F6518DD}"
EndProject
Project("{2150E333-8FDC-42A3-9474-1A3956D46DE8}") = "05-Mediator", "05-Mediator", "{856EF5A0-BE90-4092-9E26-3A70180056FA}"
EndProject
Project("{9A19103F-16F7-4668-BE54-9A1E7A4F7556}") = "Framework.Mediator.MediatR", "01-Framework\05-Mediator\Framework.Mediator.MediatR\Framework.Mediator.MediatR.csproj", "{A5FCEC8F-0259-4291-B761-13DC1E557392}"
EndProject
Project("{9A19103F-16F7-4668-BE54-9A1E7A4F7556}") = "Marketplace.ReadModel.PostgreSQL", "02-Marketplace\04-Query\Marketplace.ReadModel.PostgreSQL\Marketplace.ReadModel.PostgreSQL.csproj", "{B8C85111-04DE-4C1B-9D0C-2D45C022B4E4}"
EndProject
Project("{9A19103F-16F7-4668-BE54-9A1E7A4F7556}") = "Framework.Streaming.EventStore", "01-Framework\06-Streaming\Framework.Streaming.EventStore\Framework.Streaming.EventStore.csproj", "{5FA66812-076F-4044-895E-A3D5079CEC34}"
EndProject
Project("{9A19103F-16F7-4668-BE54-9A1E7A4F7556}") = "Marketplace.Api", "02-Marketplace\05-Edge\Marketplace.Api\Marketplace.Api.csproj", "{6A2E3BC3-6A2D-49C4-B4FE-C6F39B1D0896}"
EndProject
Global
	GlobalSection(SolutionConfigurationPlatforms) = preSolution
		Debug|Any CPU = Debug|Any CPU
		Release|Any CPU = Release|Any CPU
	EndGlobalSection
	GlobalSection(ProjectConfigurationPlatforms) = postSolution
		{383FE1C5-ED9D-434B-8191-3C486D673A2B}.Debug|Any CPU.ActiveCfg = Debug|Any CPU
		{383FE1C5-ED9D-434B-8191-3C486D673A2B}.Debug|Any CPU.Build.0 = Debug|Any CPU
		{383FE1C5-ED9D-434B-8191-3C486D673A2B}.Release|Any CPU.ActiveCfg = Release|Any CPU
		{383FE1C5-ED9D-434B-8191-3C486D673A2B}.Release|Any CPU.Build.0 = Release|Any CPU
		{6CF47C73-3E4E-46B5-B9FE-9447E06E1250}.Debug|Any CPU.ActiveCfg = Debug|Any CPU
		{6CF47C73-3E4E-46B5-B9FE-9447E06E1250}.Debug|Any CPU.Build.0 = Debug|Any CPU
		{6CF47C73-3E4E-46B5-B9FE-9447E06E1250}.Release|Any CPU.ActiveCfg = Release|Any CPU
		{6CF47C73-3E4E-46B5-B9FE-9447E06E1250}.Release|Any CPU.Build.0 = Release|Any CPU
		{84A83833-7AFB-48F1-A25B-44C552A1068A}.Debug|Any CPU.ActiveCfg = Debug|Any CPU
		{84A83833-7AFB-48F1-A25B-44C552A1068A}.Debug|Any CPU.Build.0 = Debug|Any CPU
		{84A83833-7AFB-48F1-A25B-44C552A1068A}.Release|Any CPU.ActiveCfg = Release|Any CPU
		{84A83833-7AFB-48F1-A25B-44C552A1068A}.Release|Any CPU.Build.0 = Release|Any CPU
		{23588EB6-A3BF-4839-8D30-0B24C7677035}.Debug|Any CPU.ActiveCfg = Debug|Any CPU
		{23588EB6-A3BF-4839-8D30-0B24C7677035}.Debug|Any CPU.Build.0 = Debug|Any CPU
		{23588EB6-A3BF-4839-8D30-0B24C7677035}.Release|Any CPU.ActiveCfg = Release|Any CPU
		{23588EB6-A3BF-4839-8D30-0B24C7677035}.Release|Any CPU.Build.0 = Release|Any CPU
		{4D31A227-B18D-4B2E-AF71-F6E1141C7731}.Debug|Any CPU.ActiveCfg = Debug|Any CPU
		{4D31A227-B18D-4B2E-AF71-F6E1141C7731}.Debug|Any CPU.Build.0 = Debug|Any CPU
		{4D31A227-B18D-4B2E-AF71-F6E1141C7731}.Release|Any CPU.ActiveCfg = Release|Any CPU
		{4D31A227-B18D-4B2E-AF71-F6E1141C7731}.Release|Any CPU.Build.0 = Release|Any CPU
		{DBC2AAF1-BBBB-4B02-8C3C-355D3840ABB6}.Debug|Any CPU.ActiveCfg = Debug|Any CPU
		{DBC2AAF1-BBBB-4B02-8C3C-355D3840ABB6}.Debug|Any CPU.Build.0 = Debug|Any CPU
		{DBC2AAF1-BBBB-4B02-8C3C-355D3840ABB6}.Release|Any CPU.ActiveCfg = Release|Any CPU
		{DBC2AAF1-BBBB-4B02-8C3C-355D3840ABB6}.Release|Any CPU.Build.0 = Release|Any CPU
		{B39872A2-AFFC-416D-8E6E-E4DC5589F76D}.Debug|Any CPU.ActiveCfg = Debug|Any CPU
		{B39872A2-AFFC-416D-8E6E-E4DC5589F76D}.Debug|Any CPU.Build.0 = Debug|Any CPU
		{B39872A2-AFFC-416D-8E6E-E4DC5589F76D}.Release|Any CPU.ActiveCfg = Release|Any CPU
		{B39872A2-AFFC-416D-8E6E-E4DC5589F76D}.Release|Any CPU.Build.0 = Release|Any CPU
		{7186A52E-C27D-48D3-8DAB-196BC84D449E}.Debug|Any CPU.ActiveCfg = Debug|Any CPU
		{7186A52E-C27D-48D3-8DAB-196BC84D449E}.Debug|Any CPU.Build.0 = Debug|Any CPU
		{7186A52E-C27D-48D3-8DAB-196BC84D449E}.Release|Any CPU.ActiveCfg = Release|Any CPU
		{7186A52E-C27D-48D3-8DAB-196BC84D449E}.Release|Any CPU.Build.0 = Release|Any CPU
		{5939F889-2A4A-403A-BD2E-44D24762A1A5}.Debug|Any CPU.ActiveCfg = Debug|Any CPU
		{5939F889-2A4A-403A-BD2E-44D24762A1A5}.Debug|Any CPU.Build.0 = Debug|Any CPU
		{5939F889-2A4A-403A-BD2E-44D24762A1A5}.Release|Any CPU.ActiveCfg = Release|Any CPU
		{5939F889-2A4A-403A-BD2E-44D24762A1A5}.Release|Any CPU.Build.0 = Release|Any CPU
		{AEC78DE5-10E5-4715-B0F6-F181FCFC3BE3}.Debug|Any CPU.ActiveCfg = Debug|Any CPU
		{AEC78DE5-10E5-4715-B0F6-F181FCFC3BE3}.Debug|Any CPU.Build.0 = Debug|Any CPU
		{AEC78DE5-10E5-4715-B0F6-F181FCFC3BE3}.Release|Any CPU.ActiveCfg = Release|Any CPU
		{AEC78DE5-10E5-4715-B0F6-F181FCFC3BE3}.Release|Any CPU.Build.0 = Release|Any CPU
		{6E1ABC47-EB7E-405D-ABA0-7F4D98128551}.Debug|Any CPU.ActiveCfg = Debug|Any CPU
		{6E1ABC47-EB7E-405D-ABA0-7F4D98128551}.Debug|Any CPU.Build.0 = Debug|Any CPU
		{6E1ABC47-EB7E-405D-ABA0-7F4D98128551}.Release|Any CPU.ActiveCfg = Release|Any CPU
		{6E1ABC47-EB7E-405D-ABA0-7F4D98128551}.Release|Any CPU.Build.0 = Release|Any CPU
		{C87F2F2A-DD3B-447B-934F-F7B57D2D6190}.Debug|Any CPU.ActiveCfg = Debug|Any CPU
		{C87F2F2A-DD3B-447B-934F-F7B57D2D6190}.Debug|Any CPU.Build.0 = Debug|Any CPU
		{C87F2F2A-DD3B-447B-934F-F7B57D2D6190}.Release|Any CPU.ActiveCfg = Release|Any CPU
		{C87F2F2A-DD3B-447B-934F-F7B57D2D6190}.Release|Any CPU.Build.0 = Release|Any CPU
		{0E437256-D1EE-42C9-8597-B03433F8DAB1}.Debug|Any CPU.ActiveCfg = Debug|Any CPU
		{0E437256-D1EE-42C9-8597-B03433F8DAB1}.Debug|Any CPU.Build.0 = Debug|Any CPU
		{0E437256-D1EE-42C9-8597-B03433F8DAB1}.Release|Any CPU.ActiveCfg = Release|Any CPU
		{0E437256-D1EE-42C9-8597-B03433F8DAB1}.Release|Any CPU.Build.0 = Release|Any CPU
		{CECEA59E-54BA-4B2E-B453-BC6FC615DC6C}.Debug|Any CPU.ActiveCfg = Debug|Any CPU
		{CECEA59E-54BA-4B2E-B453-BC6FC615DC6C}.Debug|Any CPU.Build.0 = Debug|Any CPU
		{CECEA59E-54BA-4B2E-B453-BC6FC615DC6C}.Release|Any CPU.ActiveCfg = Release|Any CPU
		{CECEA59E-54BA-4B2E-B453-BC6FC615DC6C}.Release|Any CPU.Build.0 = Release|Any CPU
		{41409DEC-8D94-46BA-844E-3EBD4207F1F4}.Debug|Any CPU.ActiveCfg = Debug|Any CPU
		{41409DEC-8D94-46BA-844E-3EBD4207F1F4}.Debug|Any CPU.Build.0 = Debug|Any CPU
		{41409DEC-8D94-46BA-844E-3EBD4207F1F4}.Release|Any CPU.ActiveCfg = Release|Any CPU
		{41409DEC-8D94-46BA-844E-3EBD4207F1F4}.Release|Any CPU.Build.0 = Release|Any CPU
		{89F4DE7E-7195-42AF-B74C-7CBB1F6518DD}.Debug|Any CPU.ActiveCfg = Debug|Any CPU
		{89F4DE7E-7195-42AF-B74C-7CBB1F6518DD}.Debug|Any CPU.Build.0 = Debug|Any CPU
		{89F4DE7E-7195-42AF-B74C-7CBB1F6518DD}.Release|Any CPU.ActiveCfg = Release|Any CPU
		{89F4DE7E-7195-42AF-B74C-7CBB1F6518DD}.Release|Any CPU.Build.0 = Release|Any CPU
		{A5FCEC8F-0259-4291-B761-13DC1E557392}.Debug|Any CPU.ActiveCfg = Debug|Any CPU
		{A5FCEC8F-0259-4291-B761-13DC1E557392}.Debug|Any CPU.Build.0 = Debug|Any CPU
		{A5FCEC8F-0259-4291-B761-13DC1E557392}.Release|Any CPU.ActiveCfg = Release|Any CPU
		{A5FCEC8F-0259-4291-B761-13DC1E557392}.Release|Any CPU.Build.0 = Release|Any CPU
		{B8C85111-04DE-4C1B-9D0C-2D45C022B4E4}.Debug|Any CPU.ActiveCfg = Debug|Any CPU
		{B8C85111-04DE-4C1B-9D0C-2D45C022B4E4}.Debug|Any CPU.Build.0 = Debug|Any CPU
		{B8C85111-04DE-4C1B-9D0C-2D45C022B4E4}.Release|Any CPU.ActiveCfg = Release|Any CPU
		{B8C85111-04DE-4C1B-9D0C-2D45C022B4E4}.Release|Any CPU.Build.0 = Release|Any CPU
		{5FA66812-076F-4044-895E-A3D5079CEC34}.Debug|Any CPU.ActiveCfg = Debug|Any CPU
		{5FA66812-076F-4044-895E-A3D5079CEC34}.Debug|Any CPU.Build.0 = Debug|Any CPU
		{5FA66812-076F-4044-895E-A3D5079CEC34}.Release|Any CPU.ActiveCfg = Release|Any CPU
		{5FA66812-076F-4044-895E-A3D5079CEC34}.Release|Any CPU.Build.0 = Release|Any CPU
		{6A2E3BC3-6A2D-49C4-B4FE-C6F39B1D0896}.Debug|Any CPU.ActiveCfg = Debug|Any CPU
		{6A2E3BC3-6A2D-49C4-B4FE-C6F39B1D0896}.Debug|Any CPU.Build.0 = Debug|Any CPU
		{6A2E3BC3-6A2D-49C4-B4FE-C6F39B1D0896}.Release|Any CPU.ActiveCfg = Release|Any CPU
		{6A2E3BC3-6A2D-49C4-B4FE-C6F39B1D0896}.Release|Any CPU.Build.0 = Release|Any CPU
	EndGlobalSection
	GlobalSection(SolutionProperties) = preSolution
		HideSolutionNode = FALSE
	EndGlobalSection
	GlobalSection(NestedProjects) = preSolution
		{9A4D9497-5B8A-4120-A0E6-48A4CC295610} = {CF92E5E3-BEC5-41A9-8309-A91A9C77198D}
		{2E908D7F-B838-4119-8587-E4DC276625DD} = {CF92E5E3-BEC5-41A9-8309-A91A9C77198D}
		{125F0354-5210-45BD-8C6F-9CBEC4BA126C} = {CF92E5E3-BEC5-41A9-8309-A91A9C77198D}
		{6B8EACC5-F718-4C4F-BC18-C95E2A85229B} = {CF92E5E3-BEC5-41A9-8309-A91A9C77198D}
		{4AC11E27-BA64-4BD8-8C83-824D2142DDF3} = {CF92E5E3-BEC5-41A9-8309-A91A9C77198D}
		{383FE1C5-ED9D-434B-8191-3C486D673A2B} = {125F0354-5210-45BD-8C6F-9CBEC4BA126C}
		{6CF47C73-3E4E-46B5-B9FE-9447E06E1250} = {125F0354-5210-45BD-8C6F-9CBEC4BA126C}
		{84A83833-7AFB-48F1-A25B-44C552A1068A} = {125F0354-5210-45BD-8C6F-9CBEC4BA126C}
		{23588EB6-A3BF-4839-8D30-0B24C7677035} = {6B8EACC5-F718-4C4F-BC18-C95E2A85229B}
		{4D31A227-B18D-4B2E-AF71-F6E1141C7731} = {6B8EACC5-F718-4C4F-BC18-C95E2A85229B}
		{DBC2AAF1-BBBB-4B02-8C3C-355D3840ABB6} = {6B8EACC5-F718-4C4F-BC18-C95E2A85229B}
		{B39872A2-AFFC-416D-8E6E-E4DC5589F76D} = {4AC11E27-BA64-4BD8-8C83-824D2142DDF3}
		{7186A52E-C27D-48D3-8DAB-196BC84D449E} = {4AC11E27-BA64-4BD8-8C83-824D2142DDF3}
		{5939F889-2A4A-403A-BD2E-44D24762A1A5} = {CF92E5E3-BEC5-41A9-8309-A91A9C77198D}
		{AEC78DE5-10E5-4715-B0F6-F181FCFC3BE3} = {2E908D7F-B838-4119-8587-E4DC276625DD}
		{6E1ABC47-EB7E-405D-ABA0-7F4D98128551} = {2E908D7F-B838-4119-8587-E4DC276625DD}
		{DE2CBC74-1876-4C7D-B5BE-8CB6810E6CF5} = {83D1EC44-9383-4BF7-A8FC-41940B53B1C8}
		{178840E5-8266-41CB-AB90-40EA9B0F3EAF} = {83D1EC44-9383-4BF7-A8FC-41940B53B1C8}
		{121F4B00-C4E5-4962-938E-C95ABF55C139} = {178840E5-8266-41CB-AB90-40EA9B0F3EAF}
		{042FCFFC-E46E-4773-844C-BEBFFC7B4AB8} = {178840E5-8266-41CB-AB90-40EA9B0F3EAF}
		{74FEB7CA-8B4B-4B64-B070-B3ABA82BE79F} = {83D1EC44-9383-4BF7-A8FC-41940B53B1C8}
		{F4572BFF-F99F-4735-851D-E20676C3B923} = {83D1EC44-9383-4BF7-A8FC-41940B53B1C8}
		{C87F2F2A-DD3B-447B-934F-F7B57D2D6190} = {DE2CBC74-1876-4C7D-B5BE-8CB6810E6CF5}
		{0E437256-D1EE-42C9-8597-B03433F8DAB1} = {F4572BFF-F99F-4735-851D-E20676C3B923}
		{CECEA59E-54BA-4B2E-B453-BC6FC615DC6C} = {121F4B00-C4E5-4962-938E-C95ABF55C139}
		{41409DEC-8D94-46BA-844E-3EBD4207F1F4} = {042FCFFC-E46E-4773-844C-BEBFFC7B4AB8}
		{8B233C2E-AC6C-45A5-925D-A36B6C014DE4} = {83D1EC44-9383-4BF7-A8FC-41940B53B1C8}
		{89F4DE7E-7195-42AF-B74C-7CBB1F6518DD} = {8B233C2E-AC6C-45A5-925D-A36B6C014DE4}
		{856EF5A0-BE90-4092-9E26-3A70180056FA} = {83D1EC44-9383-4BF7-A8FC-41940B53B1C8}
		{A5FCEC8F-0259-4291-B761-13DC1E557392} = {856EF5A0-BE90-4092-9E26-3A70180056FA}
		{B8C85111-04DE-4C1B-9D0C-2D45C022B4E4} = {4AC11E27-BA64-4BD8-8C83-824D2142DDF3}
		{5FA66812-076F-4044-895E-A3D5079CEC34} = {74FEB7CA-8B4B-4B64-B070-B3ABA82BE79F}
		{6A2E3BC3-6A2D-49C4-B4FE-C6F39B1D0896} = {9A4D9497-5B8A-4120-A0E6-48A4CC295610}
	EndGlobalSection
	GlobalSection(ExtensibilityGlobals) = postSolution
		SolutionGuid = {3AB58BEE-655E-4F39-A64F-1BE735BFB935}
	EndGlobalSection
EndGlobal
